
Microsoft Visual Studio Solution File, Format Version 12.00
# Visual Studio Version 16
VisualStudioVersion = 16.0.29418.71
MinimumVisualStudioVersion = 10.0.40219.1
Project("{FAE04EC0-301F-11D3-BF4B-00C04F79EFBC}") = "BDDSpcFlw", "BDDSpcFlw\BDDSpcFlw.csproj", "{EBE6EF79-5205-49C7-BFA9-140DE9A1A800}"
EndProject
Global
	GlobalSection(SolutionConfigurationPlatforms) = preSolution
		Debug|Any CPU = Debug|Any CPU
		Release|Any CPU = Release|Any CPU
	EndGlobalSection
	GlobalSection(ProjectConfigurationPlatforms) = postSolution
		{EBE6EF79-5205-49C7-BFA9-140DE9A1A800}.Debug|Any CPU.ActiveCfg = Debug|Any CPU
		{EBE6EF79-5205-49C7-BFA9-140DE9A1A800}.Debug|Any CPU.Build.0 = Debug|Any CPU
		{EBE6EF79-5205-49C7-BFA9-140DE9A1A800}.Release|Any CPU.ActiveCfg = Release|Any CPU
		{EBE6EF79-5205-49C7-BFA9-140DE9A1A800}.Release|Any CPU.Build.0 = Release|Any CPU
	EndGlobalSection
	GlobalSection(SolutionProperties) = preSolution
		HideSolutionNode = FALSE
	EndGlobalSection
	GlobalSection(ExtensibilityGlobals) = postSolution
		SolutionGuid = {EF4E3256-C3A1-4483-BA74-B3BCD7A2F181}
	EndGlobalSection
EndGlobal
